Microsoft Visual Studio Solution File, Format Version 12.00
# Visual Studio Version 17
VisualStudioVersion = 17.10.35027.167
MinimumVisualStudioVersion = 10.0.40219.1
Project("{FAE04EC0-301F-11D3-BF4B-00C04F79EFBC}") = "WarrantyReturns.Desktop", "desktop-wpf\WarrantyReturns.Desktop.csproj", "{7A3F1D77-0114-4E08-A56A-4F2B1B3F7C11}"
EndProject
Project("{FAE04EC0-301F-11D3-BF4B-00C04F79EFBC}") = "WarrantyReturns.Mobile", "mobile-maui\WarrantyReturns.Mobile.csproj", "{C61D84E7-8E1B-48C7-82BF-3E45DD3110E8}"
EndProject
Global
	GlobalSection(SolutionConfigurationPlatforms) = preSolution
		Debug|Any CPU = Debug|Any CPU
		Release|Any CPU = Release|Any CPU
	EndGlobalSection
	GlobalSection(ProjectConfigurationPlatforms) = postSolution
		{7A3F1D77-0114-4E08-A56A-4F2B1B3F7C11}.Debug|Any CPU.ActiveCfg = Debug|Any CPU
		{7A3F1D77-0114-4E08-A56A-4F2B1B3F7C11}.Debug|Any CPU.Build.0 = Debug|Any CPU
		{7A3F1D77-0114-4E08-A56A-4F2B1B3F7C11}.Release|Any CPU.ActiveCfg = Release|Any CPU
		{7A3F1D77-0114-4E08-A56A-4F2B1B3F7C11}.Release|Any CPU.Build.0 = Release|Any CPU
		{C61D84E7-8E1B-48C7-82BF-3E45DD3110E8}.Debug|Any CPU.ActiveCfg = Debug|Any CPU
		{C61D84E7-8E1B-48C7-82BF-3E45DD3110E8}.Debug|Any CPU.Build.0 = Debug|Any CPU
		{C61D84E7-8E1B-48C7-82BF-3E45DD3110E8}.Release|Any CPU.ActiveCfg = Release|Any CPU
		{C61D84E7-8E1B-48C7-82BF-3E45DD3110E8}.Release|Any CPU.Build.0 = Release|Any CPU
	EndGlobalSection
	GlobalSection(SolutionProperties) = preSolution
		HideSolutionNode = FALSE
	EndGlobalSection
EndGlobal
